{
  "version": 2,
  "dependencies": {
    "net10.0": {
      "coverlet.collector": {
        "type": "Direct",
        "requested": "[10.1.0, )",
        "resolved": "10.1.0",
        "contentHash": "SlYCIHnBYxINSUpR75SiM5JEmnx11pqT+Ac/C/fUqTTA0dLPl9eYzmFXKKuxmQhL3ZdTQl4PBD3YdAxAauaKLQ=="
      },
      "Microsoft.NET.Test.Sdk": {
        "type": "Direct",
        "requested": "[18.10.1, )",
        "resolved": "18.10.1",
        "contentHash": "SxCFvJE/2ltUQgCgv6+Ixagohw4sZc9hM7Wid2foaNM7paBscktoHLoRDz91fW8wbHG87Rg9Ku59/8PXumqUrA==",
        "dependencies": {
          "Microsoft.CodeCoverage": "18.10.1",
          "Microsoft.TestPlatform.TestHost": "18.10.1"
        }
      },
      "xunit.runner.visualstudio": {
        "type": "Direct",
        "requested": "[4.0.1, )",
        "resolved": "4.0.1",
        "contentHash": "8CoAaZkniVekR1ycJyxn+hOz+6ZQCDPcoIsIs6ujd4WyFcBMlxGNU15Qb8Uxd4iO4UmOuETb0M6vzBbwX/mfLA=="
      },
      "xunit.v3": {
        "type": "Direct",
        "requested": "[4.0.2, )",
        "resolved": "4.0.2",
        "contentHash": "TdjM2OAx7w/0E88E6PgaigLoTbQaxbSR3HF/8p92plchTjf29jPHW27ylvEOz+Nx8CvPwWKGQlOR1fDv6/Qh5A==",
        "dependencies": {
          "xunit.v3.mtp-v2": "[4.0.2]"
        }
      },
      "FastExpressionCompiler": {
        "type": "Transitive",
        "resolved": "5.4.1",
        "contentHash": "nqMykMspK5cQd35Y8ulQzAujxCcCwZVUne32pC5xNpXqrbPCuKOPMWkKHJ3LveAZPm6dsVvump0TJ1SZ9RzfTQ=="
      },
      "ImTools": {
        "type": "Transitive",
        "resolved": "4.0.0",
        "contentHash": "dms0JfLKC9AQbQX/EdpRjn59EjEvaCxIgv1z9YxbEQb5SiOVoo7vlIKdEySeEwUkWhN05rZnNpUpG+aw5VqPVQ=="
      },
      "JasperFx": {
        "type": "Transitive",
        "resolved": "2.81.0",
        "contentHash": "t4OTm59DdwRnECR8MOkCKWAmOtnbmoQw+8E1ySWGzsg6R8apQo7OGEqzedSPgWe2HWXz1ZrxW+yB7PuraIYqjg==",
        "dependencies": {
          "FastExpressionCompiler": "5.4.1",
          "ImTools": "4.0.0",
          "Microsoft.Bcl.TimeProvider": "10.0.0",
          "Polly.Core": "8.6.5",
          "Spectre.Console": "0.55.0"
        }
      },
      "JasperFx.Events": {
        "type": "Transitive",
        "resolved": "2.81.0",
        "contentHash": "uOHQpBY8/CfEaj0Scd5UfqJ6QqfqO9xqFlv1s/kRlzeNVcTOPAXCciHQYfyMTg5Yje2bpf3r9flDxlcYPHTdKA==",
        "dependencies": {
          "JasperFx": "2.81.0"
        }
      },
      "Microsoft.ApplicationInsights": {
        "type": "Transitive",
        "resolved": "2.23.0",
        "contentHash": "nWArUZTdU7iqZLycLKWe0TDms48KKGE6pONH2terYNa8REXiqixrMOkf1sk5DHGMaUTqONU2YkS4SAXBhLStgw=="
      },
      "Microsoft.Bcl.AsyncInterfaces": {
        "type": "Transitive",
        "resolved": "6.0.0",
        "contentHash": "UcSjPsst+DfAdJGVDsu346FX0ci0ah+lw3WRtn18NUwEqRt70HaOQ7lI72vy3+1LxtqI3T5GWwV39rQSrCzAeg=="
      },
      "Microsoft.Bcl.TimeProvider": {
        "type": "Transitive",
        "resolved": "10.0.0",
        "contentHash": "bUubrBD6tRJE3V1kvRloYc6NymH3R5oFKjAS9e0ELNx6u0ZR+zjps9dDQyjgqN/rArzl7f+21KGszj3YRN7F2Q=="
      },
      "Microsoft.CodeCoverage": {
        "type": "Transitive",
        "resolved": "18.10.1",
        "contentHash": "tV7tCyp/t+DuwQugLkCeUN7NBFFB4fEGRPr0gkMQ2nQgAvQQjmGlZZi1dsLzbyoe/A0mbnKybmkIh8qhT9p4Zw=="
      },
      "Microsoft.IO.RecyclableMemoryStream": {
        "type": "Transitive",
        "resolved": "3.0.1",
        "contentHash": "s/s20YTVY9r9TPfTrN5g8zPF1YhwxyqO6PxUkrYTGI2B+OGPe9AdajWZrLhFqXIvqIW23fnUE4+ztrUWNU1+9g=="
      },
      "Microsoft.Testing.Extensions.Telemetry": {
        "type": "Transitive",
        "resolved": "2.5.1",
        "contentHash": "mu2iyoHovwl0q1mGeeRU0h8+LALXC7HqbxniLa1shTKYdJGl+KPoCEgjWIQ8MLzk1tlTGPOfg1JsxdH3RxhMCA==",
        "dependencies": {
          "Microsoft.ApplicationInsights": "2.23.0",
          "Microsoft.Testing.Platform": "[2.5.1, 3.0.0)"
        }
      },
      "Microsoft.Testing.Extensions.TrxReport.Abstractions": {
        "type": "Transitive",
        "resolved": "2.5.1",
        "contentHash": "DYTZAguaHz0wNJdHDTTGYOXtnlDoLoIbTMDKSApNNcytm55DJcnwpwELfQGLk5DB5QlgaEjNhnGo1Pu5QvL5VA==",
        "dependencies": {
          "Microsoft.Testing.Platform": "[2.5.1, 3.0.0)"
        }
      },
      "Microsoft.Testing.Platform": {
        "type": "Transitive",
        "resolved": "2.5.1",
        "contentHash": "FAMaFFWnULW+hDHMb40Qzhcgz9cAU2/EtgRCBNX/DdQoKo0sPG2EiY+w7bQdl/BgHnf/DbpXLbf5Xy0o15M8NA=="
      },
      "Microsoft.Testing.Platform.MSBuild": {
        "type": "Transitive",
        "resolved": "2.5.1",
        "contentHash": "lYawcAwY+h76rQmpma2n0HaL8zkOFbbKapso0Eb+uOAUQn7333pIByLftEuiO67csAoZufHNMwi6PqhNemWQXA==",
        "dependencies": {
          "Microsoft.Testing.Platform": "[2.5.1, 3.0.0)"
        }
      },
      "Microsoft.TestPlatform.ObjectModel": {
        "type": "Transitive",
        "resolved": "18.10.1",
        "contentHash": "o+PuLDRVp1iwiVAPBADZItXgm9Ck23XtPhE4kZtZVi0uYnMiiz1Dx9Cjh75kJ+ijfqnORL3VOTOaQVKi0f/ixg=="
      },
      "Microsoft.TestPlatform.TestHost": {
        "type": "Transitive",
        "resolved": "18.10.1",
        "contentHash": "KYz2omqkoz9E2mWa4fdgT+Ycie1wi5968EmyJlusjlp87RxxtA2FvDm8tcBEYIDzLnkWGnsKjE4d13Z7/rxkQA==",
        "dependencies": {
          "Microsoft.TestPlatform.ObjectModel": "18.10.1"
        }
      },
      "Microsoft.Win32.Registry": {
        "type": "Transitive",
        "resolved": "5.0.0",
        "contentHash": "dDoKi0PnDz31yAyETfRntsLArTlVAVzUzCIvvEDsDsucrl33Dl8pIJG06ePTJTI3tGpeyHS9Cq7Foc/s4EeKcg=="
      },
      "NetTopologySuite": {
        "type": "Transitive",
        "resolved": "2.5.0",
        "contentHash": "5/+2O2ADomEdUn09mlSigACdqvAf0m/pVPGtIPEPQWnyrVykYY0NlfXLIdkMgi41kvH9kNrPqYaFBTZtHYH7Xw=="
      },
      "NetTopologySuite.IO.PostGis": {
        "type": "Transitive",
        "resolved": "2.1.0",
        "contentHash": "3W8XTFz8iP6GQ5jDXK1/LANHiU+988k1kmmuPWNKcJLpmSg6CvFpbTpz+s4+LBzkAp64wHGOldSlkSuzYfrIKA==",
        "dependencies": {
          "NetTopologySuite": "[2.0.0, 3.0.0-A)"
        }
      },
      "Npgsql": {
        "type": "Transitive",
        "resolved": "9.0.4",
        "contentHash": "68BASXH0FAEuL/J4J0eRfYC8/3vzqQTmoW8zDzNf0JgaVxc7LZeEkS6jaG0ib3voFLxY5ZiCwJG+uQM+mzuu0Q=="
      },
      "Npgsql.NetTopologySuite": {
        "type": "Transitive",
        "resolved": "9.0.4",
        "contentHash": "7AwBLPz8EPmgAXveZ55K0Tz/9bNb8j4VI4pkTOQjyHrce8wWfAA9pefm3REidy+Kt2UFiAWef34YVi7sb/kB4A==",
        "dependencies": {
          "NetTopologySuite": "2.5.0",
          "NetTopologySuite.IO.PostGIS": "2.1.0",
          "Npgsql": "9.0.4"
        }
      },
      "Patched.DistributedLock.Core": {
        "type": "Transitive",
        "resolved": "1.0.11",
        "contentHash": "JUDAhM5ca24AxE+3OGFYGQoPszKkEOLX7jykJgglJxam668Cf5aHmB/MOJR7/fWZPWFC0egwQ9S9yQyzrFaECA=="
      },
      "Patched.DistributedLock.Postgres": {
        "type": "Transitive",
        "resolved": "1.3.3",
        "contentHash": "dCk328m177iENwX1TpUhoYapIAncPwYbeahz8YPb3IXMalteLl6p2w+cSmhDMptlu9zesjUGBYLmHi4Mu3X5fw==",
        "dependencies": {
          "Npgsql": "8.0.6",
          "Patched.DistributedLock.Core": "[1.0.11, 1.1.0)"
        }
      },
      "Polly.Core": {
        "type": "Transitive",
        "resolved": "8.6.5",
        "contentHash": "t+sUVrIwvo7UmsgHGgOG9F0GDZSRIm47u2ylH17Gvcv1q5hNEwgD5GoBlFyc0kh/pebmPyrAgvGsR/65ZBaXlg=="
      },
      "Spectre.Console": {
        "type": "Transitive",
        "resolved": "0.55.0",
        "contentHash": "2TVhUHFsDux0Z+y2Hv4bFsOMuON4SuotEEKkMparFkp5Rm259naaaEQrN4Sv6C1cbsiGKPjfkJDGgUp+hZPjTw==",
        "dependencies": {
          "Spectre.Console.Ansi": "0.55.0"
        }
      },
      "Spectre.Console.Ansi": {
        "type": "Transitive",
        "resolved": "0.55.0",
        "contentHash": "GIfgOvuF8MpU52bprhwtDEtx0gmVIGOepM8bw0lH/TSMD0rg1Xp+5Y53kPG8rFVdcpbNANlhDQ5mEVVPO3/2Tg=="
      },
      "System.Security.AccessControl": {
        "type": "Transitive",
        "resolved": "6.0.1",
        "contentHash": "IQ4NXP/B3Ayzvw0rDQzVTYsCKyy0Jp9KI6aYcK7UnGVlR9+Awz++TIPCQtPYfLJfOpm8ajowMR09V7quD3sEHw=="
      },
      "Weasel.Core": {
        "type": "Transitive",
        "resolved": "9.42.0",
        "contentHash": "tQtY+mSAnDlRstdiEECDn8iit1c98KZ8JP55QoTmwV2F5t581Etm3deNNbE/o6KAqE3NoaIBTBgDf2WABkCPKA==",
        "dependencies": {
          "JasperFx": "2.76.0"
        }
      },
      "Weasel.Postgresql": {
        "type": "Transitive",
        "resolved": "9.42.0",
        "contentHash": "HonYZU7QgOeRZxOsGyNkCIjEswCZaX1raIWjM+WwopX47kRXCREK//3+cbukYqTnYT3mzrt6fLRQzyhmRQxHlQ==",
        "dependencies": {
          "JasperFx.Events": "2.76.0",
          "Npgsql": "9.0.4",
          "Npgsql.NetTopologySuite": "9.0.4",
          "Patched.DistributedLock.Postgres": "1.3.3",
          "Weasel.Core": "9.42.0"
        }
      },
      "Weasel.Storage": {
        "type": "Transitive",
        "resolved": "9.42.0",
        "contentHash": "gezrBk/aQGr++416wcoQxhfjGjltRMZkDKqXwOU3o46gJvV+j94saJ2H+lQJapA5MQWNGVH5lkrFIj/aqBMh7A==",
        "dependencies": {
          "JasperFx.Events": "2.76.0",
          "Weasel.Core": "9.42.0"
        }
      },
      "xunit.analyzers": {
        "type": "Transitive",
        "resolved": "2.2.0",
        "contentHash": "dXMIIztipcAyL3a19gtUrih/RLrE33/4VJdICoinYqIXXo1KLtsMPsaQ9dO2pE8xajDguwE2kqVbBqE5/EoJ0Q=="
      },
      "xunit.v3.assert": {
        "type": "Transitive",
        "resolved": "4.0.2",
        "contentHash": "5PKRexYlvufWFdXenRcRGKqvaJBBZFJZpqUGlUs9p13eKEgVdOrLpkPknjzUvLY5kEUicK9871DIUDcCPA6AXA=="
      },
      "xunit.v3.common": {
        "type": "Transitive",
        "resolved": "4.0.2",
        "contentHash": "++CtT8daIf6qfieQev/8V88U3zViIDWou5cj+oWps1/Hf73UoaY/L0hKyi3v7Zlt3BmbU0pUc73zCB1GiB4nYA==",
        "dependencies": {
          "Microsoft.Bcl.AsyncInterfaces": "6.0.0"
        }
      },
      "xunit.v3.core.mtp-v2": {
        "type": "Transitive",
        "resolved": "4.0.2",
        "contentHash": "XyPMcQRsnUQLhmBBRRgYWsuPc8TyiANzcXtqfzyWfDpPuyh3Q0K4oWozZYQKZRNGnqJ97ifD6qUDWhsEEe32uw==",
        "dependencies": {
          "Microsoft.Testing.Extensions.Telemetry": "2.5.1",
          "Microsoft.Testing.Extensions.TrxReport.Abstractions": "2.5.1",
          "Microsoft.Testing.Platform": "2.5.1",
          "Microsoft.Testing.Platform.MSBuild": "2.5.1",
          "xunit.v3.extensibility.core": "[4.0.2]",
          "xunit.v3.runner.inproc.console": "[4.0.2]"
        }
      },
      "xunit.v3.extensibility.core": {
        "type": "Transitive",
        "resolved": "4.0.2",
        "contentHash": "ARTt+pGyd86mdtiFBkKpyBQvRC3u0rr8oidBlII2GsAg7D6TfOsDFCsoQtFij83V5pE57m3whUIqT4xjiARXbQ==",
        "dependencies": {
          "xunit.v3.common": "[4.0.2]"
        }
      },
      "xunit.v3.mtp-v2": {
        "type": "Transitive",
        "resolved": "4.0.2",
        "contentHash": "XLV32FhkuvheBStvX0DvjfPEtI+4SOVcIhnlTS+549r8VfVwsjpWdkJtQmQ7D23PA+Zoaqo+sTjBkRSkidC6Tw==",
        "dependencies": {
          "xunit.analyzers": "2.2.0",
          "xunit.v3.assert": "[4.0.2]",
          "xunit.v3.core.mtp-v2": "[4.0.2]"
        }
      },
      "xunit.v3.runner.common": {
        "type": "Transitive",
        "resolved": "4.0.2",
        "contentHash": "YlYKVhTJVcwEgJ6rm59Pjf71lQqKwKxEHqVRxWUuwrwm/nxB/mNFP/lP4vlntDO3GclNnLT9BjYOpJH9gViGQg==",
        "dependencies": {
          "Microsoft.Win32.Registry": "[5.0.0]",
          "System.Security.AccessControl": "[6.0.1]",
          "xunit.v3.common": "[4.0.2]"
        }
      },
      "xunit.v3.runner.inproc.console": {
        "type": "Transitive",
        "resolved": "4.0.2",
        "contentHash": "cg4XNpCN4Ry9nswutknpreN3ckSUBwtjMRmEQSNK/sIKPo6KN5tDGGGCaHDm5HGA4yFVVtTJX65tLCsZArUNfQ==",
        "dependencies": {
          "xunit.v3.extensibility.core": "[4.0.2]",
          "xunit.v3.runner.common": "[4.0.2]"
        }
      },
      "andregoepel.marten.configuration": {
        "type": "Project",
        "dependencies": {
          "Marten": "[9.47.0, )"
        }
      },
      "Marten": {
        "type": "CentralTransitive",
        "requested": "[9.47.0, )",
        "resolved": "9.47.0",
        "contentHash": "3SH9c2IcEQw8gbSsbMA4vA8NkO2fkbvqWPK/KQal3MTgDWU8K6s1+AndmigX3AYoDw1JlKKNZNKqObUK42oBmw==",
        "dependencies": {
          "JasperFx": "2.81.0",
          "JasperFx.Events": "2.81.0",
          "Microsoft.IO.RecyclableMemoryStream": "3.0.1",
          "Weasel.Postgresql": "9.42.0",
          "Weasel.Storage": "9.42.0"
        }
      }
    }
  }
}